{
  "name": "06-babel-plugin-document",
  "version": "1.0.0",
  "lockfileVersion": 3,
  "requires": true,
  "packages": {
    "": {
      "name": "06-babel-plugin-document",
      "version": "1.0.0",
      "license": "ISC",
      "dependencies": {
        "@babel/helper-plugin-utils": "^7.21.5",
        "doctrine": "^3.0.0"
      },
      "devDependencies": {
        "@types/babel__helper-plugin-utils": "^7.10.3"
      }
    },
    "../../node_modules/.pnpm/registry.npmmirror.com+@babel+helper-plugin-utils@7.21.5/node_modules/@babel/helper-plugin-utils": {
      "version": "7.21.5",
      "license": "MIT",
      "engines": {
        "node": ">=6.9.0"
      }
    },
    "../../node_modules/.pnpm/registry.npmmirror.com+doctrine@3.0.0/node_modules/doctrine": {
      "version": "3.0.0",
      "license": "Apache-2.0",
      "dependencies": {
        "esutils": "^2.0.2"
      },
      "devDependencies": {
        "coveralls": "^3.0.1",
        "dateformat": "^1.0.11",
        "eslint": "^1.10.3",
        "eslint-release": "^1.0.0",
        "linefix": "^0.1.1",
        "mocha": "^3.4.2",
        "npm-license": "^0.3.1",
        "nyc": "^10.3.2",
        "semver": "^5.0.3",
        "shelljs": "^0.5.3",
        "shelljs-nodecli": "^0.1.1",
        "should": "^5.0.1"
      },
      "engines": {
        "node": ">=6.0.0"
      }
    },
    "node_modules/@babel/helper-plugin-utils": {
      "resolved": "../../node_modules/.pnpm/registry.npmmirror.com+@babel+helper-plugin-utils@7.21.5/node_modules/@babel/helper-plugin-utils",
      "link": true
    },
    "node_modules/@babel/helper-string-parser": {
      "version": "7.24.8",
      "resolved": "https://registry.npmmirror.com/@babel/helper-string-parser/-/helper-string-parser-7.24.8.tgz",
      "integrity": "sha512-pO9KhhRcuUyGnJWwyEgnRJTSIZHiT+vMD0kPeD+so0l7mxkMT19g3pjY9GTnHySck/hDzq+dtW/4VgnMkippsQ==",
      "dev": true,
      "engines": {
        "node": ">=6.9.0"
      }
    },
    "node_modules/@babel/helper-validator-identifier": {
      "version": "7.24.7",
      "resolved": "https://registry.npmmirror.com/@babel/helper-validator-identifier/-/helper-validator-identifier-7.24.7.tgz",
      "integrity": "sha512-rR+PBcQ1SMQDDyF6X0wxtG8QyLCgUB0eRAGguqRLfkCA87l7yAP7ehq8SNj96OOGTO8OBV70KhuFYcIkHXOg0w==",
      "dev": true,
      "engines": {
        "node": ">=6.9.0"
      }
    },
    "node_modules/@babel/parser": {
      "version": "7.25.0",
      "resolved": "https://registry.npmmirror.com/@babel/parser/-/parser-7.25.0.tgz",
      "integrity": "sha512-CzdIU9jdP0dg7HdyB+bHvDJGagUv+qtzZt5rYCWwW6tITNqV9odjp6Qu41gkG0ca5UfdDUWrKkiAnHHdGRnOrA==",
      "dev": true,
      "bin": {
        "parser": "bin/babel-parser.js"
      },
      "engines": {
        "node": ">=6.0.0"
      }
    },
    "node_modules/@babel/types": {
      "version": "7.25.0",
      "resolved": "https://registry.npmmirror.com/@babel/types/-/types-7.25.0.tgz",
      "integrity": "sha512-LcnxQSsd9aXOIgmmSpvZ/1yo46ra2ESYyqLcryaBZOghxy5qqOBjvCWP5JfkI8yl9rlxRgdLTTMCQQRcN2hdCg==",
      "dev": true,
      "dependencies": {
        "@babel/helper-string-parser": "^7.24.8",
        "@babel/helper-validator-identifier": "^7.24.7",
        "to-fast-properties": "^2.0.0"
      },
      "engines": {
        "node": ">=6.9.0"
      }
    },
    "node_modules/@types/babel__core": {
      "version": "7.20.5",
      "resolved": "https://registry.npmmirror.com/@types/babel__core/-/babel__core-7.20.5.tgz",
      "integrity": "sha512-qoQprZvz5wQFJwMDqeseRXWv3rqMvhgpbXFfVyWhbx9X47POIA6i/+dXefEmZKoAgOaTdaIgNSMqMIU61yRyzA==",
      "dev": true,
      "dependencies": {
        "@babel/parser": "^7.20.7",
        "@babel/types": "^7.20.7",
        "@types/babel__generator": "*",
        "@types/babel__template": "*",
        "@types/babel__traverse": "*"
      }
    },
    "node_modules/@types/babel__generator": {
      "version": "7.6.8",
      "resolved": "https://registry.npmmirror.com/@types/babel__generator/-/babel__generator-7.6.8.tgz",
      "integrity": "sha512-ASsj+tpEDsEiFr1arWrlN6V3mdfjRMZt6LtK/Vp/kreFLnr5QH5+DhvD5nINYZXzwJvXeGq+05iUXcAzVrqWtw==",
      "dev": true,
      "dependencies": {
        "@babel/types": "^7.0.0"
      }
    },
    "node_modules/@types/babel__helper-plugin-utils": {
      "version": "7.10.3",
      "resolved": "https://registry.npmmirror.com/@types/babel__helper-plugin-utils/-/babel__helper-plugin-utils-7.10.3.tgz",
      "integrity": "sha512-FcLBBPXInqKfULB2nvOBskQPcnSMZ0s1Y2q76u9H1NPPWaLcTeq38xBeKfF/RBUECK333qeaqRdYoPSwW7rTNQ==",
      "dev": true,
      "dependencies": {
        "@types/babel__core": "*"
      }
    },
    "node_modules/@types/babel__template": {
      "version": "7.4.4",
      "resolved": "https://registry.npmmirror.com/@types/babel__template/-/babel__template-7.4.4.tgz",
      "integrity": "sha512-h/NUaSyG5EyxBIp8YRxo4RMe2/qQgvyowRwVMzhYhBCONbW8PUsg4lkFMrhgZhUe5z3L3MiLDuvyJ/CaPa2A8A==",
      "dev": true,
      "dependencies": {
        "@babel/parser": "^7.1.0",
        "@babel/types": "^7.0.0"
      }
    },
    "node_modules/@types/babel__traverse": {
      "version": "7.20.6",
      "resolved": "https://registry.npmmirror.com/@types/babel__traverse/-/babel__traverse-7.20.6.tgz",
      "integrity": "sha512-r1bzfrm0tomOI8g1SzvCaQHo6Lcv6zu0EA+W2kHrt8dyrHQxGzBBL4kdkzIS+jBMV+EYcMAEAqXqYaLJq5rOZg==",
      "dev": true,
      "dependencies": {
        "@babel/types": "^7.20.7"
      }
    },
    "node_modules/doctrine": {
      "resolved": "../../node_modules/.pnpm/registry.npmmirror.com+doctrine@3.0.0/node_modules/doctrine",
      "link": true
    },
    "node_modules/to-fast-properties": {
      "version": "2.0.0",
      "resolved": "https://registry.npmmirror.com/to-fast-properties/-/to-fast-properties-2.0.0.tgz",
      "integrity": "sha512-/OaKK0xYrs3DmxRYqL/yDc+FxFUVYhDlXMhRmv3z915w2HF1tnN1omB354j8VUGO/hbRzyD6Y3sA7v7GS/ceog==",
      "dev": true,
      "engines": {
        "node": ">=4"
      }
    }
  }
}
